
Microsoft Visual Studio Solution File, Format Version 12.00
# Visual Studio Version 17
VisualStudioVersion = 17.0.31903.59
MinimumVisualStudioVersion = 10.0.40219.1
Project("{FAE04EC0-301F-11D3-BF4B-00C04F79EFBC}") = "Web_API", "Web_API\Web_API.csproj", "{29681B96-8BD5-4B65-BF6B-6E659410E044}"
EndProject
Project("{FAE04EC0-301F-11D3-BF4B-00C04F79EFBC}") = "Dependency_Injection_Demo", "Dependency_Injection_Demo\Dependency_Injection_Demo.csproj", "{506FA305-6491-4D5F-9B3C-35A23AB991F0}"
EndProject
Project("{FAE04EC0-301F-11D3-BF4B-00C04F79EFBC}") = "EF_Core_Demo", "EF_Core_Demo\EF_Core_Demo.csproj", "{46537A58-77F4-417D-877F-35341B14B64B}"
EndProject
Project("{FAE04EC0-301F-11D3-BF4B-00C04F79EFBC}") = "MinimalApiDemo", "MinimalApiDemo\MinimalApiDemo.csproj", "{8E4B5B1D-6B63-4167-B132-BE36BFF99536}"
EndProject
Global
	GlobalSection(SolutionConfigurationPlatforms) = preSolution
		Debug|Any CPU = Debug|Any CPU
		Release|Any CPU = Release|Any CPU
	EndGlobalSection
	GlobalSection(SolutionProperties) = preSolution
		HideSolutionNode = FALSE
	EndGlobalSection
	GlobalSection(ProjectConfigurationPlatforms) = postSolution
		{29681B96-8BD5-4B65-BF6B-6E659410E044}.Debug|Any CPU.ActiveCfg = Debug|Any CPU
		{29681B96-8BD5-4B65-BF6B-6E659410E044}.Debug|Any CPU.Build.0 = Debug|Any CPU
		{29681B96-8BD5-4B65-BF6B-6E659410E044}.Release|Any CPU.ActiveCfg = Release|Any CPU
		{29681B96-8BD5-4B65-BF6B-6E659410E044}.Release|Any CPU.Build.0 = Release|Any CPU
		{506FA305-6491-4D5F-9B3C-35A23AB991F0}.Debug|Any CPU.ActiveCfg = Debug|Any CPU
		{506FA305-6491-4D5F-9B3C-35A23AB991F0}.Debug|Any CPU.Build.0 = Debug|Any CPU
		{506FA305-6491-4D5F-9B3C-35A23AB991F0}.Release|Any CPU.ActiveCfg = Release|Any CPU
		{506FA305-6491-4D5F-9B3C-35A23AB991F0}.Release|Any CPU.Build.0 = Release|Any CPU
		{46537A58-77F4-417D-877F-35341B14B64B}.Debug|Any CPU.ActiveCfg = Debug|Any CPU
		{46537A58-77F4-417D-877F-35341B14B64B}.Debug|Any CPU.Build.0 = Debug|Any CPU
		{46537A58-77F4-417D-877F-35341B14B64B}.Release|Any CPU.ActiveCfg = Release|Any CPU
		{46537A58-77F4-417D-877F-35341B14B64B}.Release|Any CPU.Build.0 = Release|Any CPU
		{8E4B5B1D-6B63-4167-B132-BE36BFF99536}.Debug|Any CPU.ActiveCfg = Debug|Any CPU
		{8E4B5B1D-6B63-4167-B132-BE36BFF99536}.Debug|Any CPU.Build.0 = Debug|Any CPU
		{8E4B5B1D-6B63-4167-B132-BE36BFF99536}.Release|Any CPU.ActiveCfg = Release|Any CPU
		{8E4B5B1D-6B63-4167-B132-BE36BFF99536}.Release|Any CPU.Build.0 = Release|Any CPU
	EndGlobalSection
EndGlobal
